
Microsoft Visual Studio Solution File, Format Version 12.00
# Visual Studio Version 16
VisualStudioVersion = 16.0.31727.386
MinimumVisualStudioVersion = 10.0.40219.1
Project("{FAE04EC0-301F-11D3-BF4B-00C04F79EFBC}") = "DotNetHooks", "DotNetHooks\DotNetHooks.csproj", "{956454C6-FDD3-4C6D-9260-5401020D60DD}"
EndProject
Global
	GlobalSection(SolutionConfigurationPlatforms) = preSolution
		Debug|Any CPU = Debug|Any CPU
		Release|Any CPU = Release|Any CPU
	EndGlobalSection
	GlobalSection(ProjectConfigurationPlatforms) = postSolution
		{956454C6-FDD3-4C6D-9260-5401020D60DD}.Debug|Any CPU.ActiveCfg = Debug|Any CPU
		{956454C6-FDD3-4C6D-9260-5401020D60DD}.Debug|Any CPU.Build.0 = Debug|Any CPU
		{956454C6-FDD3-4C6D-9260-5401020D60DD}.Release|Any CPU.ActiveCfg = Release|Any CPU
		{956454C6-FDD3-4C6D-9260-5401020D60DD}.Release|Any CPU.Build.0 = Release|Any CPU
	EndGlobalSection
	GlobalSection(SolutionProperties) = preSolution
		HideSolutionNode = FALSE
	EndGlobalSection
	GlobalSection(ExtensibilityGlobals) = postSolution
		SolutionGuid = {2B67C8A4-A0A9-46A0-89C6-D51C51997BCF}
	EndGlobalSection
EndGlobal
